
Microsoft Visual Studio Solution File, Format Version 12.00
# Visual Studio Version 17
VisualStudioVersion = 17.0.31903.59
MinimumVisualStudioVersion = 10.0.40219.1
Project("{2150E333-8FDC-42A3-9474-1A3956D46DE8}") = "FrontEnd", "FrontEnd", "{F85AA4F3-4582-4A4E-B6A0-7404C56E0184}"
EndProject
Project("{9A19103F-16F7-4668-BE54-9A1E7A4F7556}") = "Mango.Web", "Mango.Web\Mango.Web.csproj", "{38DE2513-EE99-4CDD-AF87-27DC35549881}"
EndProject
Project("{2150E333-8FDC-42A3-9474-1A3956D46DE8}") = "Services", "Services", "{64EEE525-39C7-4058-890D-FF9ED0F0D625}"
EndProject
Project("{9A19103F-16F7-4668-BE54-9A1E7A4F7556}") = "Mango.Services.ProductAPI", "Mango.Services.ProductAPI\Mango.Services.ProductAPI.csproj", "{EB826D19-F138-4128-AAA5-A53CD9C2307E}"
EndProject
Project("{9A19103F-16F7-4668-BE54-9A1E7A4F7556}") = "Mango.Services.Identity", "Mango.Services.Identity\Mango.Services.Identity.csproj", "{D7F81258-963B-4E21-B465-7309A9151A68}"
EndProject
Project("{9A19103F-16F7-4668-BE54-9A1E7A4F7556}") = "Mango.Services.ShoppingCartAPI", "Mango.Services.ShoppingCart\Mango.Services.ShoppingCartAPI.csproj", "{36C49609-8351-4714-ADAF-6ED24869A724}"
EndProject
Project("{9A19103F-16F7-4668-BE54-9A1E7A4F7556}") = "Mango.Services.CouponAPI", "Mango.Services.CouponAPI\Mango.Services.CouponAPI.csproj", "{A7B33EBC-9BBC-4459-8E2C-BE0E9A793230}"
EndProject
Project("{2150E333-8FDC-42A3-9474-1A3956D46DE8}") = "Integration", "Integration", "{B75AFD54-7ED7-4948-8230-5E40BF6BC9FA}"
EndProject
Project("{9A19103F-16F7-4668-BE54-9A1E7A4F7556}") = "CafeBehoMessageBus", "CafeBehoMessageBus\CafeBehoMessageBus.csproj", "{0974AA6F-343E-47BC-B9CB-A1CA55FD2CFB}"
EndProject
Project("{9A19103F-16F7-4668-BE54-9A1E7A4F7556}") = "Mango.Services.OrderAPI", "Mango.Services.OrderAPI\Mango.Services.OrderAPI.csproj", "{9213EABC-48AC-4796-8DAB-4AED176E9B1D}"
EndProject
Project("{2150E333-8FDC-42A3-9474-1A3956D46DE8}") = "Payment", "Payment", "{5A5D4DF2-9476-4D10-9DF8-C454CD3DF44A}"
EndProject
Project("{9A19103F-16F7-4668-BE54-9A1E7A4F7556}") = "PaymentProccessor", "PaymentProccessor\PaymentProccessor.csproj", "{6F0BD3D1-C652-40A4-BC84-8BAC257A3799}"
EndProject
Project("{9A19103F-16F7-4668-BE54-9A1E7A4F7556}") = "Mango.Services.PaymentAPI", "Mango.Services.PaymentAPI\Mango.Services.PaymentAPI.csproj", "{8997695A-8B23-499E-AAC7-41134341D522}"
EndProject
Project("{FAE04EC0-301F-11D3-BF4B-00C04F79EFBC}") = "Mango.Services.Email", "Mango.Services.Email\Mango.Services.Email.csproj", "{002A73AE-CFCE-4950-8E8E-0E88E01BC031}"
EndProject
Global
	GlobalSection(SolutionConfigurationPlatforms) = preSolution
		Debug|Any CPU = Debug|Any CPU
		Release|Any CPU = Release|Any CPU
	EndGlobalSection
	GlobalSection(ProjectConfigurationPlatforms) = postSolution
		{38DE2513-EE99-4CDD-AF87-27DC35549881}.Debug|Any CPU.ActiveCfg = Debug|Any CPU
		{38DE2513-EE99-4CDD-AF87-27DC35549881}.Debug|Any CPU.Build.0 = Debug|Any CPU
		{38DE2513-EE99-4CDD-AF87-27DC35549881}.Release|Any CPU.ActiveCfg = Release|Any CPU
		{38DE2513-EE99-4CDD-AF87-27DC35549881}.Release|Any CPU.Build.0 = Release|Any CPU
		{EB826D19-F138-4128-AAA5-A53CD9C2307E}.Debug|Any CPU.ActiveCfg = Debug|Any CPU
		{EB826D19-F138-4128-AAA5-A53CD9C2307E}.Debug|Any CPU.Build.0 = Debug|Any CPU
		{EB826D19-F138-4128-AAA5-A53CD9C2307E}.Release|Any CPU.ActiveCfg = Release|Any CPU
		{EB826D19-F138-4128-AAA5-A53CD9C2307E}.Release|Any CPU.Build.0 = Release|Any CPU
		{D7F81258-963B-4E21-B465-7309A9151A68}.Debug|Any CPU.ActiveCfg = Debug|Any CPU
		{D7F81258-963B-4E21-B465-7309A9151A68}.Debug|Any CPU.Build.0 = Debug|Any CPU
		{D7F81258-963B-4E21-B465-7309A9151A68}.Release|Any CPU.ActiveCfg = Release|Any CPU
		{D7F81258-963B-4E21-B465-7309A9151A68}.Release|Any CPU.Build.0 = Release|Any CPU
		{36C49609-8351-4714-ADAF-6ED24869A724}.Debug|Any CPU.ActiveCfg = Debug|Any CPU
		{36C49609-8351-4714-ADAF-6ED24869A724}.Debug|Any CPU.Build.0 = Debug|Any CPU
		{36C49609-8351-4714-ADAF-6ED24869A724}.Release|Any CPU.ActiveCfg = Release|Any CPU
		{36C49609-8351-4714-ADAF-6ED24869A724}.Release|Any CPU.Build.0 = Release|Any CPU
		{A7B33EBC-9BBC-4459-8E2C-BE0E9A793230}.Debug|Any CPU.ActiveCfg = Debug|Any CPU
		{A7B33EBC-9BBC-4459-8E2C-BE0E9A793230}.Debug|Any CPU.Build.0 = Debug|Any CPU
		{A7B33EBC-9BBC-4459-8E2C-BE0E9A793230}.Release|Any CPU.ActiveCfg = Release|Any CPU
		{A7B33EBC-9BBC-4459-8E2C-BE0E9A793230}.Release|Any CPU.Build.0 = Release|Any CPU
		{0974AA6F-343E-47BC-B9CB-A1CA55FD2CFB}.Debug|Any CPU.ActiveCfg = Debug|Any CPU
		{0974AA6F-343E-47BC-B9CB-A1CA55FD2CFB}.Debug|Any CPU.Build.0 = Debug|Any CPU
		{0974AA6F-343E-47BC-B9CB-A1CA55FD2CFB}.Release|Any CPU.ActiveCfg = Release|Any CPU
		{0974AA6F-343E-47BC-B9CB-A1CA55FD2CFB}.Release|Any CPU.Build.0 = Release|Any CPU
		{9213EABC-48AC-4796-8DAB-4AED176E9B1D}.Debug|Any CPU.ActiveCfg = Debug|Any CPU
		{9213EABC-48AC-4796-8DAB-4AED176E9B1D}.Debug|Any CPU.Build.0 = Debug|Any CPU
		{9213EABC-48AC-4796-8DAB-4AED176E9B1D}.Release|Any CPU.ActiveCfg = Release|Any CPU
		{9213EABC-48AC-4796-8DAB-4AED176E9B1D}.Release|Any CPU.Build.0 = Release|Any CPU
		{6F0BD3D1-C652-40A4-BC84-8BAC257A3799}.Debug|Any CPU.ActiveCfg = Debug|Any CPU
		{6F0BD3D1-C652-40A4-BC84-8BAC257A3799}.Debug|Any CPU.Build.0 = Debug|Any CPU
		{6F0BD3D1-C652-40A4-BC84-8BAC257A3799}.Release|Any CPU.ActiveCfg = Release|Any CPU
		{6F0BD3D1-C652-40A4-BC84-8BAC257A3799}.Release|Any CPU.Build.0 = Release|Any CPU
		{8997695A-8B23-499E-AAC7-41134341D522}.Debug|Any CPU.ActiveCfg = Debug|Any CPU
		{8997695A-8B23-499E-AAC7-41134341D522}.Debug|Any CPU.Build.0 = Debug|Any CPU
		{8997695A-8B23-499E-AAC7-41134341D522}.Release|Any CPU.ActiveCfg = Release|Any CPU
		{8997695A-8B23-499E-AAC7-41134341D522}.Release|Any CPU.Build.0 = Release|Any CPU
		{002A73AE-CFCE-4950-8E8E-0E88E01BC031}.Debug|Any CPU.ActiveCfg = Debug|Any CPU
		{002A73AE-CFCE-4950-8E8E-0E88E01BC031}.Debug|Any CPU.Build.0 = Debug|Any CPU
		{002A73AE-CFCE-4950-8E8E-0E88E01BC031}.Release|Any CPU.ActiveCfg = Release|Any CPU
		{002A73AE-CFCE-4950-8E8E-0E88E01BC031}.Release|Any CPU.Build.0 = Release|Any CPU
	EndGlobalSection
	GlobalSection(SolutionProperties) = preSolution
		HideSolutionNode = FALSE
	EndGlobalSection
	GlobalSection(NestedProjects) = preSolution
		{38DE2513-EE99-4CDD-AF87-27DC35549881} = {F85AA4F3-4582-4A4E-B6A0-7404C56E0184}
		{EB826D19-F138-4128-AAA5-A53CD9C2307E} = {64EEE525-39C7-4058-890D-FF9ED0F0D625}
		{D7F81258-963B-4E21-B465-7309A9151A68} = {64EEE525-39C7-4058-890D-FF9ED0F0D625}
		{36C49609-8351-4714-ADAF-6ED24869A724} = {64EEE525-39C7-4058-890D-FF9ED0F0D625}
		{A7B33EBC-9BBC-4459-8E2C-BE0E9A793230} = {64EEE525-39C7-4058-890D-FF9ED0F0D625}
		{0974AA6F-343E-47BC-B9CB-A1CA55FD2CFB} = {B75AFD54-7ED7-4948-8230-5E40BF6BC9FA}
		{9213EABC-48AC-4796-8DAB-4AED176E9B1D} = {64EEE525-39C7-4058-890D-FF9ED0F0D625}
		{6F0BD3D1-C652-40A4-BC84-8BAC257A3799} = {5A5D4DF2-9476-4D10-9DF8-C454CD3DF44A}
		{8997695A-8B23-499E-AAC7-41134341D522} = {64EEE525-39C7-4058-890D-FF9ED0F0D625}
		{002A73AE-CFCE-4950-8E8E-0E88E01BC031} = {64EEE525-39C7-4058-890D-FF9ED0F0D625}
	EndGlobalSection
	GlobalSection(ExtensibilityGlobals) = postSolution
		SolutionGuid = {BD4FD027-9FDA-4EE7-8398-EB57B1303E35}
	EndGlobalSection
EndGlobal
